
Microsoft Visual Studio Solution File, Format Version 12.00
# Visual Studio Version 16
VisualStudioVersion = 16.0.31112.23
MinimumVisualStudioVersion = 10.0.40219.1
Project("{FAE04EC0-301F-11D3-BF4B-00C04F79EFBC}") = "Geek Assistant (Android AIO)", "Geek Assistant (Android AIO)\Geek Assistant (Android AIO).csproj", "{CCFA687C-57D8-42D5-BBD7-69648568F837}"
EndProject
Global
	GlobalSection(SolutionConfigurationPlatforms) = preSolution
		Debug|Any CPU = Debug|Any CPU
		Release|Any CPU = Release|Any CPU
	EndGlobalSection
	GlobalSection(ProjectConfigurationPlatforms) = postSolution
		{CCFA687C-57D8-42D5-BBD7-69648568F837}.Debug|Any CPU.ActiveCfg = Debug|Any CPU
		{CCFA687C-57D8-42D5-BBD7-69648568F837}.Debug|Any CPU.Build.0 = Debug|Any CPU
		{CCFA687C-57D8-42D5-BBD7-69648568F837}.Release|Any CPU.ActiveCfg = Release|Any CPU
		{CCFA687C-57D8-42D5-BBD7-69648568F837}.Release|Any CPU.Build.0 = Release|Any CPU
	EndGlobalSection
	GlobalSection(SolutionProperties) = preSolution
		HideSolutionNode = FALSE
	EndGlobalSection
	GlobalSection(ExtensibilityGlobals) = postSolution
		SolutionGuid = {0B958D3F-6E23-4DAC-B910-18988883C5E9}
	EndGlobalSection
EndGlobal
